Microsoft Visual Studio Solution File, Format Version 12.00
# Visual Studio 2012
Project("{FAE04EC0-301F-11D3-BF4B-00C04F79EFBC}") = "ResourceGatheringRPG", "ResourceGatheringRPG.csproj", "{11453FA7-A320-4562-8E94-D3EB5311708D}"
EndProject
Global
	GlobalSection(SolutionConfigurationPlatforms) = preSolution
	Debug|Any CPU = Debug|Any CPU
	ExportDebug|Any CPU = ExportDebug|Any CPU
	ExportRelease|Any CPU = ExportRelease|Any CPU
	EndGlobalSection
	GlobalSection(ProjectConfigurationPlatforms) = postSolution
		{11453FA7-A320-4562-8E94-D3EB5311708D}.Debug|Any CPU.ActiveCfg = Debug|Any CPU
		{11453FA7-A320-4562-8E94-D3EB5311708D}.Debug|Any CPU.Build.0 = Debug|Any CPU
		{11453FA7-A320-4562-8E94-D3EB5311708D}.ExportDebug|Any CPU.ActiveCfg = ExportDebug|Any CPU
		{11453FA7-A320-4562-8E94-D3EB5311708D}.ExportDebug|Any CPU.Build.0 = ExportDebug|Any CPU
		{11453FA7-A320-4562-8E94-D3EB5311708D}.ExportRelease|Any CPU.ActiveCfg = ExportRelease|Any CPU
		{11453FA7-A320-4562-8E94-D3EB5311708D}.ExportRelease|Any CPU.Build.0 = ExportRelease|Any CPU
	EndGlobalSection
EndGlobal
